
Microsoft Visual Studio Solution File, Format Version 12.00
# Visual Studio 15
VisualStudioVersion = 15.0.27428.2002
MinimumVisualStudioVersion = 10.0.40219.1
Project("{FAE04EC0-301F-11D3-BF4B-00C04F79EFBC}") = "HotelProject", "HotelProject\HotelProject.csproj", "{A44FF159-C10A-402A-8D16-52735CB1DF32}"
EndProject
Global
	GlobalSection(SolutionConfigurationPlatforms) = preSolution
		Debug|Any CPU = Debug|Any CPU
		Release|Any CPU = Release|Any CPU
	EndGlobalSection
	GlobalSection(ProjectConfigurationPlatforms) = postSolution
		{A44FF159-C10A-402A-8D16-52735CB1DF32}.Debug|Any CPU.ActiveCfg = Debug|Any CPU
		{A44FF159-C10A-402A-8D16-52735CB1DF32}.Debug|Any CPU.Build.0 = Debug|Any CPU
		{A44FF159-C10A-402A-8D16-52735CB1DF32}.Release|Any CPU.ActiveCfg = Release|Any CPU
		{A44FF159-C10A-402A-8D16-52735CB1DF32}.Release|Any CPU.Build.0 = Release|Any CPU
	EndGlobalSection
	GlobalSection(SolutionProperties) = preSolution
		HideSolutionNode = FALSE
	EndGlobalSection
	GlobalSection(ExtensibilityGlobals) = postSolution
		SolutionGuid = {C1F80458-19DE-4DA7-B8C0-49C6B874FDC5}
	EndGlobalSection
EndGlobal
